// !$*UTF8*$!
{
	archiveVersion = 1;
	classes = {
	};
	objectVersion = 46;
	objects = {

/* Begin PBXBuildFile section */
		2388073C1DE207D400D3045A /* AppDelegate.swift in Sources */ = {isa = PBXBuildFile; fileRef = 2388073B1DE207D400D3045A /* AppDelegate.swift */; };
		2388073E1DE207D400D3045A /* UserListViewController.swift in Sources */ = {isa = PBXBuildFile; fileRef = 2388073D1DE207D400D3045A /* UserListViewController.swift */; };
		238807411DE207D400D3045A /* Main.storyboard in Resources */ = {isa = PBXBuildFile; fileRef = 2388073F1DE207D400D3045A /* Main.storyboard */; };
		238807441DE207D400D3045A /* mimamoriBox.xcdatamodeld in Sources */ = {isa = PBXBuildFile; fileRef = 238807421DE207D400D3045A /* mimamoriBox.xcdatamodeld */; };
		238807461DE207D400D3045A /* Assets.xcassets in Resources */ = {isa = PBXBuildFile; fileRef = 238807451DE207D400D3045A /* Assets.xcassets */; };
		238807491DE207D400D3045A /* LaunchScreen.storyboard in Resources */ = {isa = PBXBuildFile; fileRef = 238807471DE207D400D3045A /* LaunchScreen.storyboard */; };
		238807541DE207D400D3045A /* mimamoriBoxTests.swift in Sources */ = {isa = PBXBuildFile; fileRef = 238807531DE207D400D3045A /* mimamoriBoxTests.swift */; };
		2388075F1DE207D400D3045A /* mimamoriBoxUITests.swift in Sources */ = {isa = PBXBuildFile; fileRef = 2388075E1DE207D400D3045A /* mimamoriBoxUITests.swift */; };
		238807721DE20B2700D3045A /* NavigationViewController.swift in Sources */ = {isa = PBXBuildFile; fileRef = 238807711DE20B2700D3045A /* NavigationViewController.swift */; };
		238807741DE20DC800D3045A /* CustomButton.swift in Sources */ = {isa = PBXBuildFile; fileRef = 238807731DE20DC800D3045A /* CustomButton.swift */; };
		2396BAAB1DE2122000672043 /* User.swift in Sources */ = {isa = PBXBuildFile; fileRef = 2396BAAA1DE2122000672043 /* User.swift */; };
		2396BAAD1DE215F300672043 /* MyRealm.swift in Sources */ = {isa = PBXBuildFile; fileRef = 2396BAAC1DE215F300672043 /* MyRealm.swift */; };
		2396BAAF1DE224F500672043 /* UserListTableViewCell.swift in Sources */ = {isa = PBXBuildFile; fileRef = 2396BAAE1DE224F500672043 /* UserListTableViewCell.swift */; };
		2396BAB11DE2270000672043 /* UserImageView.swift in Sources */ = {isa = PBXBuildFile; fileRef = 2396BAB01DE2270000672043 /* UserImageView.swift */; };
		520B7AE9CC269D85C309D8B0 /* Pods_mimamoriBoxUITests.framework in Frameworks */ = {isa = PBXBuildFile; fileRef = EC5E418AE7C831925347C2F8 /* Pods_mimamoriBoxUITests.framework */; };
		62885E3E949211A710F51D5B /* Pods_mimamoriBox.framework in Frameworks */ = {isa = PBXBuildFile; fileRef = 64A7B8A0B04E884BE22CDAE1 /* Pods_mimamoriBox.framework */; };
		70A4B872DB615582BBE5AB62 /* Pods_mimamoriBoxTests.framework in Frameworks */ = {isa = PBXBuildFile; fileRef = E0B69C1C7C5ACD508C13A26E /* Pods_mimamoriBoxTests.framework */; };
/* End PBXBuildFile section */

/* Begin PBXContainerItemProxy section */
		238807501DE207D400D3045A /* PBXContainerItemProxy */ = {
			isa = PBXContainerItemProxy;
			containerPortal = 238807301DE207D400D3045A /* Project object */;
			proxyType = 1;
			remoteGlobalIDString = 238807371DE207D400D3045A;
			remoteInfo = mimamoriBox;
		};
		2388075B1DE207D400D3045A /* PBXContainerItemProxy */ = {
			isa = PBXContainerItemProxy;
			containerPortal = 238807301DE207D400D3045A /* Project object */;
			proxyType = 1;
			remoteGlobalIDString = 238807371DE207D400D3045A;
			remoteInfo = mimamoriBox;
		};
/* End PBXContainerItemProxy section */

/* Begin PBXFileReference section */
		0A90BD94C21C7692C2D83262 /* Pods-mimamoriBox.debug.xcconfig */ = {isa = PBXFileReference; includeInIndex = 1; lastKnownFileType = text.xcconfig; name = "Pods-mimamoriBox.debug.xcconfig"; path = "Pods/Target Support Files/Pods-mimamoriBox/Pods-mimamoriBox.debug.xcconfig"; sourceTree = "<group>"; };
		238807381DE207D400D3045A /* mimamoriBox.app */ = {isa = PBXFileReference; explicitFileType = wrapper.application; includeInIndex = 0; path = mimamoriBox.app; sourceTree = BUILT_PRODUCTS_DIR; };
		2388073B1DE207D400D3045A /* AppDelegate.swift */ = {isa = PBXFileReference; lastKnownFileType = sourcecode.swift; path = AppDelegate.swift; sourceTree = "<group>"; };
		2388073D1DE207D400D3045A /* UserListViewController.swift */ = {isa = PBXFileReference; lastKnownFileType = sourcecode.swift; path = UserListViewController.swift; sourceTree = "<group>"; };
		238807401DE207D400D3045A /* Base */ = {isa = PBXFileReference; lastKnownFileType = file.storyboard; name = Base; path = Base.lproj/Main.storyboard; sourceTree = "<group>"; };
		238807431DE207D400D3045A /* mimamoriBox.xcdatamodel */ = {isa = PBXFileReference; lastKnownFileType = wrapper.xcdatamodel; path = mimamoriBox.xcdatamodel; sourceTree = "<group>"; };
		238807451DE207D400D3045A /* Assets.xcassets */ = {isa = PBXFileReference; lastKnownFileType = folder.assetcatalog; path = Assets.xcassets; sourceTree = "<group>"; };
		238807481DE207D400D3045A /* Base */ = {isa = PBXFileReference; lastKnownFileType = file.storyboard; name = Base; path = Base.lproj/LaunchScreen.storyboard; sourceTree = "<group>"; };
		2388074A1DE207D400D3045A /* Info.plist */ = {isa = PBXFileReference; lastKnownFileType = text.plist.xml; path = Info.plist; sourceTree = "<group>"; };
		2388074F1DE207D400D3045A /* mimamoriBoxTests.xctest */ = {isa = PBXFileReference; explicitFileType = wrapper.cfbundle; includeInIndex = 0; path = mimamoriBoxTests.xctest; sourceTree = BUILT_PRODUCTS_DIR; };
		238807531DE207D400D3045A /* mimamoriBoxTests.swift */ = {isa = PBXFileReference; lastKnownFileType = sourcecode.swift; path = mimamoriBoxTests.swift; sourceTree = "<group>"; };
		238807551DE207D400D3045A /* Info.plist */ = {isa = PBXFileReference; lastKnownFileType = text.plist.xml; path = Info.plist; sourceTree = "<group>"; };
		2388075A1DE207D400D3045A /* mimamoriBoxUITests.xctest */ = {isa = PBXFileReference; explicitFileType = wrapper.cfbundle; includeInIndex = 0; path = mimamoriBoxUITests.xctest; sourceTree = BUILT_PRODUCTS_DIR; };
		2388075E1DE207D400D3045A /* mimamoriBoxUITests.swift */ = {isa = PBXFileReference; lastKnownFileType = sourcecode.swift; path = mimamoriBoxUITests.swift; sourceTree = "<group>"; };
		238807601DE207D400D3045A /* Info.plist */ = {isa = PBXFileReference; lastKnownFileType = text.plist.xml; path = Info.plist; sourceTree = "<group>"; };
		238807711DE20B2700D3045A /* NavigationViewController.swift */ = {isa = PBXFileReference; fileEncoding = 4; lastKnownFileType = sourcecode.swift; path = NavigationViewController.swift; sourceTree = "<group>"; };
		238807731DE20DC800D3045A /* CustomButton.swift */ = {isa = PBXFileReference; fileEncoding = 4; lastKnownFileType = sourcecode.swift; path = CustomButton.swift; sourceTree = "<group>"; };
		2396BAAA1DE2122000672043 /* User.swift */ = {isa = PBXFileReference; fileEncoding = 4; lastKnownFileType = sourcecode.swift; path = User.swift; sourceTree = "<group>"; };
		2396BAAC1DE215F300672043 /* MyRealm.swift */ = {isa = PBXFileReference; fileEncoding = 4; lastKnownFileType = sourcecode.swift; path = MyRealm.swift; sourceTree = "<group>"; };
		2396BAAE1DE224F500672043 /* UserListTableViewCell.swift */ = {isa = PBXFileReference; fileEncoding = 4; lastKnownFileType = sourcecode.swift; path = UserListTableViewCell.swift; sourceTree = "<group>"; };
		2396BAB01DE2270000672043 /* UserImageView.swift */ = {isa = PBXFileReference; fileEncoding = 4; lastKnownFileType = sourcecode.swift; path = UserImageView.swift; sourceTree = "<group>"; };
		3E254E7DA640288F6C08A39E /* Pods-mimamoriBox.release.xcconfig */ = {isa = PBXFileReference; includeInIndex = 1; lastKnownFileType = text.xcconfig; name = "Pods-mimamoriBox.release.xcconfig"; path = "Pods/Target Support Files/Pods-mimamoriBox/Pods-mimamoriBox.release.xcconfig"; sourceTree = "<group>"; };
		64A7B8A0B04E884BE22CDAE1 /* Pods_mimamoriBox.framework */ = {isa = PBXFileReference; explicitFileType = wrapper.framework; includeInIndex = 0; path = Pods_mimamoriBox.framework; sourceTree = BUILT_PRODUCTS_DIR; };
		920AEB14A936137EBA85D477 /* Pods-mimamoriBoxTests.debug.xcconfig */ = {isa = PBXFileReference; includeInIndex = 1; lastKnownFileType = text.xcconfig; name = "Pods-mimamoriBoxTests.debug.xcconfig"; path = "Pods/Target Support Files/Pods-mimamoriBoxTests/Pods-mimamoriBoxTests.debug.xcconfig"; sourceTree = "<group>"; };
		AD149C32EC1116ED591889A1 /* Pods-mimamoriBoxUITests.release.xcconfig */ = {isa = PBXFileReference; includeInIndex = 1; lastKnownFileType = text.xcconfig; name = "Pods-mimamoriBoxUITests.release.xcconfig"; path = "Pods/Target Support Files/Pods-mimamoriBoxUITests/Pods-mimamoriBoxUITests.release.xcconfig"; sourceTree = "<group>"; };
		E0B69C1C7C5ACD508C13A26E /* Pods_mimamoriBoxTests.framework */ = {isa = PBXFileReference; explicitFileType = wrapper.framework; includeInIndex = 0; path = Pods_mimamoriBoxTests.framework; sourceTree = BUILT_PRODUCTS_DIR; };
		E28DDA7603F17934C7F406EF /* Pods-mimamoriBoxUITests.debug.xcconfig */ = {isa = PBXFileReference; includeInIndex = 1; lastKnownFileType = text.xcconfig; name = "Pods-mimamoriBoxUITests.debug.xcconfig"; path = "Pods/Target Support Files/Pods-mimamoriBoxUITests/Pods-mimamoriBoxUITests.debug.xcconfig"; sourceTree = "<group>"; };
		EC5E418AE7C831925347C2F8 /* Pods_mimamoriBoxUITests.framework */ = {isa = PBXFileReference; explicitFileType = wrapper.framework; includeInIndex = 0; path = Pods_mimamoriBoxUITests.framework; sourceTree = BUILT_PRODUCTS_DIR; };
		F8FBF0F22CFA3FC183DA48CA /* Pods-mimamoriBoxTests.release.xcconfig */ = {isa = PBXFileReference; includeInIndex = 1; lastKnownFileType = text.xcconfig; name = "Pods-mimamoriBoxTests.release.xcconfig"; path = "Pods/Target Support Files/Pods-mimamoriBoxTests/Pods-mimamoriBoxTests.release.xcconfig"; sourceTree = "<group>"; };
/* End PBXFileReference section */

/* Begin PBXFrameworksBuildPhase section */
		238807351DE207D400D3045A /* Frameworks */ = {
			isa = PBXFrameworksBuildPhase;
			buildActionMask = 2147483647;
			files = (
				62885E3E949211A710F51D5B /* Pods_mimamoriBox.framework in Frameworks */,
			);
			runOnlyForDeploymentPostprocessing = 0;
		};
		2388074C1DE207D400D3045A /* Frameworks */ = {
			isa = PBXFrameworksBuildPhase;
			buildActionMask = 2147483647;
			files = (
				70A4B872DB615582BBE5AB62 /* Pods_mimamoriBoxTests.framework in Frameworks */,
			);
			runOnlyForDeploymentPostprocessing = 0;
		};
		238807571DE207D400D3045A /* Frameworks */ = {
			isa = PBXFrameworksBuildPhase;
			buildActionMask = 2147483647;
			files = (
				520B7AE9CC269D85C309D8B0 /* Pods_mimamoriBoxUITests.framework in Frameworks */,
			);
			runOnlyForDeploymentPostprocessing = 0;
		};
/* End PBXFrameworksBuildPhase section */

/* Begin PBXGroup section */
		2388072F1DE207D400D3045A = {
			isa = PBXGroup;
			children = (
				2388073A1DE207D400D3045A /* mimamoriBox */,
				238807521DE207D400D3045A /* mimamoriBoxTests */,
				2388075D1DE207D400D3045A /* mimamoriBoxUITests */,
				238807391DE207D400D3045A /* Products */,
				2FCC2AF30F34DF1A30E98788 /* Pods */,
				E2D5EC9EE008DF83F83C01B3 /* Frameworks */,
			);
			sourceTree = "<group>";
		};
		238807391DE207D400D3045A /* Products */ = {
			isa = PBXGroup;
			children = (
				238807381DE207D400D3045A /* mimamoriBox.app */,
				2388074F1DE207D400D3045A /* mimamoriBoxTests.xctest */,
				2388075A1DE207D400D3045A /* mimamoriBoxUITests.xctest */,
			);
			name = Products;
			sourceTree = "<group>";
		};
		2388073A1DE207D400D3045A /* mimamoriBox */ = {
			isa = PBXGroup;
			children = (
				2388076D1DE20A1B00D3045A /* resources */,
				2388076C1DE20A1600D3045A /* src */,
			);
			path = mimamoriBox;
			sourceTree = "<group>";
		};
		238807521DE207D400D3045A /* mimamoriBoxTests */ = {
			isa = PBXGroup;
			children = (
				238807531DE207D400D3045A /* mimamoriBoxTests.swift */,
				238807551DE207D400D3045A /* Info.plist */,
			);
			path = mimamoriBoxTests;
			sourceTree = "<group>";
		};
		2388075D1DE207D400D3045A /* mimamoriBoxUITests */ = {
			isa = PBXGroup;
			children = (
				2388075E1DE207D400D3045A /* mimamoriBoxUITests.swift */,
				238807601DE207D400D3045A /* Info.plist */,
			);
			path = mimamoriBoxUITests;
			sourceTree = "<group>";
		};
		2388076C1DE20A1600D3045A /* src */ = {
			isa = PBXGroup;
			children = (
				238807471DE207D400D3045A /* LaunchScreen.storyboard */,
				2388073F1DE207D400D3045A /* Main.storyboard */,
				2388073B1DE207D400D3045A /* AppDelegate.swift */,
				238807701DE20A3000D3045A /* controller */,
				2388076F1DE20A2C00D3045A /* model */,
				2388076E1DE20A2500D3045A /* view */,
			);
			name = src;
			sourceTree = "<group>";
		};
		2388076D1DE20A1B00D3045A /* resources */ = {
			isa = PBXGroup;
			children = (
				238807451DE207D400D3045A /* Assets.xcassets */,
				2388074A1DE207D400D3045A /* Info.plist */,
			);
			name = resources;
			sourceTree = "<group>";
		};
		2388076E1DE20A2500D3045A /* view */ = {
			isa = PBXGroup;
			children = (
				238807731DE20DC800D3045A /* CustomButton.swift */,
				2396BAAE1DE224F500672043 /* UserListTableViewCell.swift */,
				2396BAB01DE2270000672043 /* UserImageView.swift */,
			);
			name = view;
			sourceTree = "<group>";
		};
		2388076F1DE20A2C00D3045A /* model */ = {
			isa = PBXGroup;
			children = (
				238807421DE207D400D3045A /* mimamoriBox.xcdatamodeld */,
				2396BAAC1DE215F300672043 /* MyRealm.swift */,
				2396BAAA1DE2122000672043 /* User.swift */,
			);
			name = model;
			sourceTree = "<group>";
		};
		238807701DE20A3000D3045A /* controller */ = {
			isa = PBXGroup;
			children = (
				238807711DE20B2700D3045A /* NavigationViewController.swift */,
				2388073D1DE207D400D3045A /* UserListViewController.swift */,
			);
			name = controller;
			sourceTree = "<group>";
		};
		2FCC2AF30F34DF1A30E98788 /* Pods */ = {
			isa = PBXGroup;
			children = (
				0A90BD94C21C7692C2D83262 /* Pods-mimamoriBox.debug.xcconfig */,
				3E254E7DA640288F6C08A39E /* Pods-mimamoriBox.release.xcconfig */,
				920AEB14A936137EBA85D477 /* Pods-mimamoriBoxTests.debug.xcconfig */,
				F8FBF0F22CFA3FC183DA48CA /* Pods-mimamoriBoxTests.release.xcconfig */,
				E28DDA7603F17934C7F406EF /* Pods-mimamoriBoxUITests.debug.xcconfig */,
				AD149C32EC1116ED591889A1 /* Pods-mimamoriBoxUITests.release.xcconfig */,
			);
			name = Pods;
			sourceTree = "<group>";
		};
		E2D5EC9EE008DF83F83C01B3 /* Frameworks */ = {
			isa = PBXGroup;
			children = (
				64A7B8A0B04E884BE22CDAE1 /* Pods_mimamoriBox.framework */,
				E0B69C1C7C5ACD508C13A26E /* Pods_mimamoriBoxTests.framework */,
				EC5E418AE7C831925347C2F8 /* Pods_mimamoriBoxUITests.framework */,
			);
			name = Frameworks;
			sourceTree = "<group>";
		};
/* End PBXGroup section */

/* Begin PBXNativeTarget section */
		238807371DE207D400D3045A /* mimamoriBox */ = {
			isa = PBXNativeTarget;
			buildConfigurationList = 238807631DE207D400D3045A /* Build configuration list for PBXNativeTarget "mimamoriBox" */;
			buildPhases = (
				E9F1DA0BEEF346111E9CEA4B /* [CP] Check Pods Manifest.lock */,
				238807341DE207D400D3045A /* Sources */,
				238807351DE207D400D3045A /* Frameworks */,
				238807361DE207D400D3045A /* Resources */,
				524F1D27BE29157B22BC5BB3 /* [CP] Embed Pods Frameworks */,
				4F9C4866743002C198035684 /* [CP] Copy Pods Resources */,
			);
			buildRules = (
			);
			dependencies = (
			);
			name = mimamoriBox;
			productName = mimamoriBox;
			productReference = 238807381DE207D400D3045A /* mimamoriBox.app */;
			productType = "com.apple.product-type.application";
		};
		2388074E1DE207D400D3045A /* mimamoriBoxTests */ = {
			isa = PBXNativeTarget;
			buildConfigurationList = 238807661DE207D400D3045A /* Build configuration list for PBXNativeTarget "mimamoriBoxTests" */;
			buildPhases = (
				09315416899CEFE77ED2822A /* [CP] Check Pods Manifest.lock */,
				2388074B1DE207D400D3045A /* Sources */,
				2388074C1DE207D400D3045A /* Frameworks */,
				2388074D1DE207D400D3045A /* Resources */,
				2A3D019047D6533243CA0951 /* [CP] Embed Pods Frameworks */,
				38367B0DA8A7B302689745EC /* [CP] Copy Pods Resources */,
			);
			buildRules = (
			);
			dependencies = (
				238807511DE207D400D3045A /* PBXTargetDependency */,
			);
			name = mimamoriBoxTests;
			productName = mimamoriBoxTests;
			productReference = 2388074F1DE207D400D3045A /* mimamoriBoxTests.xctest */;
			productType = "com.apple.product-type.bundle.unit-test";
		};
		238807591DE207D400D3045A /* mimamoriBoxUITests */ = {
			isa = PBXNativeTarget;
			buildConfigurationList = 238807691DE207D400D3045A /* Build configuration list for PBXNativeTarget "mimamoriBoxUITests" */;
			buildPhases = (
				A1B92EB6B96334CC8251F664 /* [CP] Check Pods Manifest.lock */,
				238807561DE207D400D3045A /* Sources */,
				238807571DE207D400D3045A /* Frameworks */,
				238807581DE207D400D3045A /* Resources */,
				8D31CAE8D2A1F505FAD917E2 /* [CP] Copy Pods Resources */,
			);
			buildRules = (
			);
			dependencies = (
				2388075C1DE207D400D3045A /* PBXTargetDependency */,
			);
			name = mimamoriBoxUITests;
			productName = mimamoriBoxUITests;
			productReference = 2388075A1DE207D400D3045A /* mimamoriBoxUITests.xctest */;
			productType = "com.apple.product-type.bundle.ui-testing";
		};
/* End PBXNativeTarget section */

/* Begin PBXProject section */
		238807301DE207D400D3045A /* Project object */ = {
			isa = PBXProject;
			attributes = {
				LastSwiftUpdateCheck = 0730;
				LastUpgradeCheck = 0730;
				ORGANIZATIONNAME = "竹之下遼";
				TargetAttributes = {
					238807371DE207D400D3045A = {
						CreatedOnToolsVersion = 7.3.1;
						DevelopmentTeam = 978RFFMTAV;
					};
					2388074E1DE207D400D3045A = {
						CreatedOnToolsVersion = 7.3.1;
						DevelopmentTeam = 978RFFMTAV;
						TestTargetID = 238807371DE207D400D3045A;
					};
					238807591DE207D400D3045A = {
						CreatedOnToolsVersion = 7.3.1;
						DevelopmentTeam = 978RFFMTAV;
						TestTargetID = 238807371DE207D400D3045A;
					};
				};
			};
			buildConfigurationList = 238807331DE207D400D3045A /* Build configuration list for PBXProject "mimamoriBox" */;
			compatibilityVersion = "Xcode 3.2";
			developmentRegion = English;
			hasScannedForEncodings = 0;
			knownRegions = (
				en,
				Base,
			);
			mainGroup = 2388072F1DE207D400D3045A;
			productRefGroup = 238807391DE207D400D3045A /* Products */;
			projectDirPath = "";
			projectRoot = "";
			targets = (
				238807371DE207D400D3045A /* mimamoriBox */,
				2388074E1DE207D400D3045A /* mimamoriBoxTests */,
				238807591DE207D400D3045A /* mimamoriBoxUITests */,
			);
		};
/* End PBXProject section */

/* Begin PBXResourcesBuildPhase section */
		238807361DE207D400D3045A /* Resources */ = {
			isa = PBXResourcesBuildPhase;
			buildActionMask = 2147483647;
			files = (
				238807491DE207D400D3045A /* LaunchScreen.storyboard in Resources */,
				238807461DE207D400D3045A /* Assets.xcassets in Resources */,
				238807411DE207D400D3045A /* Main.storyboard in Resources */,
			);
			runOnlyForDeploymentPostprocessing = 0;
		};
		2388074D1DE207D400D3045A /* Resources */ = {
			isa = PBXResourcesBuildPhase;
			buildActionMask = 2147483647;
			files = (
			);
			runOnlyForDeploymentPostprocessing = 0;
		};
		238807581DE207D400D3045A /* Resources */ = {
			isa = PBXResourcesBuildPhase;
			buildActionMask = 2147483647;
			files = (
			);
			runOnlyForDeploymentPostprocessing = 0;
		};
/* End PBXResourcesBuildPhase section */

/* Begin PBXShellScriptBuildPhase section */
		09315416899CEFE77ED2822A /* [CP] Check Pods Manifest.lock */ = {
			isa = PBXShellScriptBuildPhase;
			buildActionMask = 2147483647;
			files = (
			);
			inputPaths = (
			);
			name = "[CP] Check Pods Manifest.lock";
			outputPaths = (
			);
			runOnlyForDeploymentPostprocessing = 0;
			shellPath = /bin/sh;
			shellScript = "diff \"${PODS_ROOT}/../Podfile.lock\" \"${PODS_ROOT}/Manifest.lock\" > /dev/null\nif [[ $? != 0 ]] ; then\n    cat << EOM\nerror: The sandbox is not in sync with the Podfile.lock. Run 'pod install' or update your CocoaPods installation.\nEOM\n    exit 1\nfi\n";
			showEnvVarsInLog = 0;
		};
		2A3D019047D6533243CA0951 /* [CP] Embed Pods Frameworks */ = {
			isa = PBXShellScriptBuildPhase;
			buildActionMask = 2147483647;
			files = (
			);
			inputPaths = (
			);
			name = "[CP] Embed Pods Frameworks";
			outputPaths = (
			);
			runOnlyForDeploymentPostprocessing = 0;
			shellPath = /bin/sh;
			shellScript = "\"${SRCROOT}/Pods/Target Support Files/Pods-mimamoriBoxTests/Pods-mimamoriBoxTests-frameworks.sh\"\n";
			showEnvVarsInLog = 0;
		};
		38367B0DA8A7B302689745EC /* [CP] Copy Pods Resources */ = {
			isa = PBXShellScriptBuildPhase;
			buildActionMask = 2147483647;
			files = (
			);
			inputPaths = (
			);
			name = "[CP] Copy Pods Resources";
			outputPaths = (
			);
			runOnlyForDeploymentPostprocessing = 0;
			shellPath = /bin/sh;
			shellScript = "\"${SRCROOT}/Pods/Target Support Files/Pods-mimamoriBoxTests/Pods-mimamoriBoxTests-resources.sh\"\n";
			showEnvVarsInLog = 0;
		};
		4F9C4866743002C198035684 /* [CP] Copy Pods Resources */ = {
			isa = PBXShellScriptBuildPhase;
			buildActionMask = 2147483647;
			files = (
			);
			inputPaths = (
			);
			name = "[CP] Copy Pods Resources";
			outputPaths = (
			);
			runOnlyForDeploymentPostprocessing = 0;
			shellPath = /bin/sh;
			shellScript = "\"${SRCROOT}/Pods/Target Support Files/Pods-mimamoriBox/Pods-mimamoriBox-resources.sh\"\n";
			showEnvVarsInLog = 0;
		};
		524F1D27BE29157B22BC5BB3 /* [CP] Embed Pods Frameworks */ = {
			isa = PBXShellScriptBuildPhase;
			buildActionMask = 2147483647;
			files = (
			);
			inputPaths = (
			);
			name = "[CP] Embed Pods Frameworks";
			outputPaths = (
			);
			runOnlyForDeploymentPostprocessing = 0;
			shellPath = /bin/sh;
			shellScript = "\"${SRCROOT}/Pods/Target Support Files/Pods-mimamoriBox/Pods-mimamoriBox-frameworks.sh\"\n";
			showEnvVarsInLog = 0;
		};
		8D31CAE8D2A1F505FAD917E2 /* [CP] Copy Pods Resources */ = {
			isa = PBXShellScriptBuildPhase;
			buildActionMask = 2147483647;
			files = (
			);
			inputPaths = (
			);
			name = "[CP] Copy Pods Resources";
			outputPaths = (
			);
			runOnlyForDeploymentPostprocessing = 0;
			shellPath = /bin/sh;
			shellScript = "\"${SRCROOT}/Pods/Target Support Files/Pods-mimamoriBoxUITests/Pods-mimamoriBoxUITests-resources.sh\"\n";
			showEnvVarsInLog = 0;
		};
		A1B92EB6B96334CC8251F664 /* [CP] Check Pods Manifest.lock */ = {
			isa = PBXShellScriptBuildPhase;
			buildActionMask = 2147483647;
			files = (
			);
			inputPaths = (
			);
			name = "[CP] Check Pods Manifest.lock";
			outputPaths = (
			);
			runOnlyForDeploymentPostprocessing = 0;
			shellPath = /bin/sh;
			shellScript = "diff \"${PODS_ROOT}/../Podfile.lock\" \"${PODS_ROOT}/Manifest.lock\" > /dev/null\nif [[ $? != 0 ]] ; then\n    cat << EOM\nerror: The sandbox is not in sync with the Podfile.lock. Run 'pod install' or update your CocoaPods installation.\nEOM\n    exit 1\nfi\n";
			showEnvVarsInLog = 0;
		};
		E9F1DA0BEEF346111E9CEA4B /* [CP] Check Pods Manifest.lock */ = {
			isa = PBXShellScriptBuildPhase;
			buildActionMask = 2147483647;
			files = (
			);
			inputPaths = (
			);
			name = "[CP] Check Pods Manifest.lock";
			outputPaths = (
			);
			runOnlyForDeploymentPostprocessing = 0;
			shellPath = /bin/sh;
			shellScript = "diff \"${PODS_ROOT}/../Podfile.lock\" \"${PODS_ROOT}/Manifest.lock\" > /dev/null\nif [[ $? != 0 ]] ; then\n    cat << EOM\nerror: The sandbox is not in sync with the Podfile.lock. Run 'pod install' or update your CocoaPods installation.\nEOM\n    exit 1\nfi\n";
			showEnvVarsInLog = 0;
		};
/* End PBXShellScriptBuildPhase section */

/* Begin PBXSourcesBuildPhase section */
		238807341DE207D400D3045A /* Sources */ = {
			isa = PBXSourcesBuildPhase;
			buildActionMask = 2147483647;
			files = (
				2396BAB11DE2270000672043 /* UserImageView.swift in Sources */,
				2388073E1DE207D400D3045A /* UserListViewController.swift in Sources */,
				238807721DE20B2700D3045A /* NavigationViewController.swift in Sources */,
				2396BAAB1DE2122000672043 /* User.swift in Sources */,
				2396BAAD1DE215F300672043 /* MyRealm.swift in Sources */,
				2396BAAF1DE224F500672043 /* UserListTableViewCell.swift in Sources */,
				238807441DE207D400D3045A /* mimamoriBox.xcdatamodeld in Sources */,
				2388073C1DE207D400D3045A /* AppDelegate.swift in Sources */,
				238807741DE20DC800D3045A /* CustomButton.swift in Sources */,
			);
			runOnlyForDeploymentPostprocessing = 0;
		};
		2388074B1DE207D400D3045A /* Sources */ = {
			isa = PBXSourcesBuildPhase;
			buildActionMask = 2147483647;
			files = (
				238807541DE207D400D3045A /* mimamoriBoxTests.swift in Sources */,
			);
			runOnlyForDeploymentPostprocessing = 0;
		};
		238807561DE207D400D3045A /* Sources */ = {
			isa = PBXSourcesBuildPhase;
			buildActionMask = 2147483647;
			files = (
				2388075F1DE207D400D3045A /* mimamoriBoxUITests.swift in Sources */,
			);
			runOnlyForDeploymentPostprocessing = 0;
		};
/* End PBXSourcesBuildPhase section */

/* Begin PBXTargetDependency section */
		238807511DE207D400D3045A /* PBXTargetDependency */ = {
			isa = PBXTargetDependency;
			target = 238807371DE207D400D3045A /* mimamoriBox */;
			targetProxy = 238807501DE207D400D3045A /* PBXContainerItemProxy */;
		};
		2388075C1DE207D400D3045A /* PBXTargetDependency */ = {
			isa = PBXTargetDependency;
			target = 238807371DE207D400D3045A /* mimamoriBox */;
			targetProxy = 2388075B1DE207D400D3045A /* PBXContainerItemProxy */;
		};
/* End PBXTargetDependency section */

/* Begin PBXVariantGroup section */
		2388073F1DE207D400D3045A /* Main.storyboard */ = {
			isa = PBXVariantGroup;
			children = (
				238807401DE207D400D3045A /* Base */,
			);
			name = Main.storyboard;
			sourceTree = "<group>";
		};
		238807471DE207D400D3045A /* LaunchScreen.storyboard */ = {
			isa = PBXVariantGroup;
			children = (
				238807481DE207D400D3045A /* Base */,
			);
			name = LaunchScreen.storyboard;
			sourceTree = "<group>";
		};
/* End PBXVariantGroup section */

/* Begin XCBuildConfiguration section */
		238807611DE207D400D3045A /* Debug */ = {
			isa = XCBuildConfiguration;
			buildSettings = {
				ALWAYS_SEARCH_USER_PATHS = NO;
				CLANG_ANALYZER_NONNULL = YES;
				CLANG_CXX_LANGUAGE_STANDARD = "gnu++0x";
				CLANG_CXX_LIBRARY = "libc++";
				CLANG_ENABLE_MODULES = YES;
				CLANG_ENABLE_OBJC_ARC = YES;
				CLANG_WARN_BOOL_CONVERSION = YES;
				CLANG_WARN_CONSTANT_CONVERSION = YES;
				CLANG_WARN_DIRECT_OBJC_ISA_USAGE = YES_ERROR;
				CLANG_WARN_EMPTY_BODY = YES;
				CLANG_WARN_ENUM_CONVERSION = YES;
				CLANG_WARN_INT_CONVERSION = YES;
				CLANG_WARN_OBJC_ROOT_CLASS = YES_ERROR;
				CLANG_WARN_UNREACHABLE_CODE = YES;
				CLANG_WARN__DUPLICATE_METHOD_MATCH = YES;
				"CODE_SIGN_IDENTITY[sdk=iphoneos*]" = "iPhone Developer";
				COPY_PHASE_STRIP = NO;
				DEBUG_INFORMATION_FORMAT = dwarf;
				ENABLE_STRICT_OBJC_MSGSEND = YES;
				ENABLE_TESTABILITY = YES;
				GCC_C_LANGUAGE_STANDARD = gnu99;
				GCC_DYNAMIC_NO_PIC = NO;
				GCC_NO_COMMON_BLOCKS = YES;
				GCC_OPTIMIZATION_LEVEL = 0;
				GCC_PREPROCESSOR_DEFINITIONS = (
					"DEBUG=1",
					"$(inherited)",
				);
				GCC_WARN_64_TO_32_BIT_CONVERSION = YES;
				GCC_WARN_ABOUT_RETURN_TYPE = YES_ERROR;
				GCC_WARN_UNDECLARED_SELECTOR = YES;
				GCC_WARN_UNINITIALIZED_AUTOS = YES_AGGRESSIVE;
				GCC_WARN_UNUSED_FUNCTION = YES;
				GCC_WARN_UNUSED_VARIABLE = YES;
				IPHONEOS_DEPLOYMENT_TARGET = 9.3;
				MTL_ENABLE_DEBUG_INFO = YES;
				ONLY_ACTIVE_ARCH = YES;
				SDKROOT = iphoneos;
				SWIFT_OPTIMIZATION_LEVEL = "-Onone";
				TARGETED_DEVICE_FAMILY = "1,2";
			};
			name = Debug;
		};
		238807621DE207D400D3045A /* Release */ = {
			isa = XCBuildConfiguration;
			buildSettings = {
				ALWAYS_SEARCH_USER_PATHS = NO;
				CLANG_ANALYZER_NONNULL = YES;
				CLANG_CXX_LANGUAGE_STANDARD = "gnu++0x";
				CLANG_CXX_LIBRARY = "libc++";
				CLANG_ENABLE_MODULES = YES;
				CLANG_ENABLE_OBJC_ARC = YES;
				CLANG_WARN_BOOL_CONVERSION = YES;
				CLANG_WARN_CONSTANT_CONVERSION = YES;
				CLANG_WARN_DIRECT_OBJC_ISA_USAGE = YES_ERROR;
				CLANG_WARN_EMPTY_BODY = YES;
				CLANG_WARN_ENUM_CONVERSION = YES;
				CLANG_WARN_INT_CONVERSION = YES;
				CLANG_WARN_OBJC_ROOT_CLASS = YES_ERROR;
				CLANG_WARN_UNREACHABLE_CODE = YES;
				CLANG_WARN__DUPLICATE_METHOD_MATCH = YES;
				"CODE_SIGN_IDENTITY[sdk=iphoneos*]" = "iPhone Developer";
				COPY_PHASE_STRIP = NO;
				DEBUG_INFORMATION_FORMAT = "dwarf-with-dsym";
				ENABLE_NS_ASSERTIONS = NO;
				ENABLE_STRICT_OBJC_MSGSEND = YES;
				GCC_C_LANGUAGE_STANDARD = gnu99;
				GCC_NO_COMMON_BLOCKS = YES;
				GCC_WARN_64_TO_32_BIT_CONVERSION = YES;
				GCC_WARN_ABOUT_RETURN_TYPE = YES_ERROR;
				GCC_WARN_UNDECLARED_SELECTOR = YES;
				GCC_WARN_UNINITIALIZED_AUTOS = YES_AGGRESSIVE;
				GCC_WARN_UNUSED_FUNCTION = YES;
				GCC_WARN_UNUSED_VARIABLE = YES;
				IPHONEOS_DEPLOYMENT_TARGET = 9.3;
				MTL_ENABLE_DEBUG_INFO = NO;
				SDKROOT = iphoneos;
				TARGETED_DEVICE_FAMILY = "1,2";
				VALIDATE_PRODUCT = YES;
			};
			name = Release;
		};
		238807641DE207D400D3045A /* Debug */ = {
			isa = XCBuildConfiguration;
			baseConfigurationReference = 0A90BD94C21C7692C2D83262 /* Pods-mimamoriBox.debug.xcconfig */;
			buildSettings = {
				ASSETCATALOG_COMPILER_APPICON_NAME = AppIcon;
				INFOPLIST_FILE = mimamoriBox/Info.plist;
				LD_RUNPATH_SEARCH_PATHS = "$(inherited) @executable_path/Frameworks";
				PRODUCT_BUNDLE_IDENTIFIER = Univ.mimamoriBox;
				PRODUCT_NAME = "$(TARGET_NAME)";
			};
			name = Debug;
		};
		238807651DE207D400D3045A /* Release */ = {
			isa = XCBuildConfiguration;
			baseConfigurationReference = 3E254E7DA640288F6C08A39E /* Pods-mimamoriBox.release.xcconfig */;
			buildSettings = {
				ASSETCATALOG_COMPILER_APPICON_NAME = AppIcon;
				INFOPLIST_FILE = mimamoriBox/Info.plist;
				LD_RUNPATH_SEARCH_PATHS = "$(inherited) @executable_path/Frameworks";
				PRODUCT_BUNDLE_IDENTIFIER = Univ.mimamoriBox;
				PRODUCT_NAME = "$(TARGET_NAME)";
			};
			name = Release;
		};
		238807671DE207D400D3045A /* Debug */ = {
			isa = XCBuildConfiguration;
			baseConfigurationReference = 920AEB14A936137EBA85D477 /* Pods-mimamoriBoxTests.debug.xcconfig */;
			buildSettings = {
				BUNDLE_LOADER = "$(TEST_HOST)";
				INFOPLIST_FILE = mimamoriBoxTests/Info.plist;
				LD_RUNPATH_SEARCH_PATHS = "$(inherited) @executable_path/Frameworks @loader_path/Frameworks";
				PRODUCT_BUNDLE_IDENTIFIER = Univ.mimamoriBoxTests;
				PRODUCT_NAME = "$(TARGET_NAME)";
				TEST_HOST = "$(BUILT_PRODUCTS_DIR)/mimamoriBox.app/mimamoriBox";
			};
			name = Debug;
		};
		238807681DE207D400D3045A /* Release */ = {
			isa = XCBuildConfiguration;
			baseConfigurationReference = F8FBF0F22CFA3FC183DA48CA /* Pods-mimamoriBoxTests.release.xcconfig */;
			buildSettings = {
				BUNDLE_LOADER = "$(TEST_HOST)";
				INFOPLIST_FILE = mimamoriBoxTests/Info.plist;
				LD_RUNPATH_SEARCH_PATHS = "$(inherited) @executable_path/Frameworks @loader_path/Frameworks";
				PRODUCT_BUNDLE_IDENTIFIER = Univ.mimamoriBoxTests;
				PRODUCT_NAME = "$(TARGET_NAME)";
				TEST_HOST = "$(BUILT_PRODUCTS_DIR)/mimamoriBox.app/mimamoriBox";
			};
			name = Release;
		};
		2388076A1DE207D400D3045A /* Debug */ = {
			isa = XCBuildConfiguration;
			baseConfigurationReference = E28DDA7603F17934C7F406EF /* Pods-mimamoriBoxUITests.debug.xcconfig */;
			buildSettings = {
				INFOPLIST_FILE = mimamoriBoxUITests/Info.plist;
				LD_RUNPATH_SEARCH_PATHS = "$(inherited) @executable_path/Frameworks @loader_path/Frameworks";
				PRODUCT_BUNDLE_IDENTIFIER = Univ.mimamoriBoxUITests;
				PRODUCT_NAME = "$(TARGET_NAME)";
				TEST_TARGET_NAME = mimamoriBox;
			};
			name = Debug;
		};
		2388076B1DE207D400D3045A /* Release */ = {
			isa = XCBuildConfiguration;
			baseConfigurationReference = AD149C32EC1116ED591889A1 /* Pods-mimamoriBoxUITests.release.xcconfig */;
			buildSettings = {
				INFOPLIST_FILE = mimamoriBoxUITests/Info.plist;
				LD_RUNPATH_SEARCH_PATHS = "$(inherited) @executable_path/Frameworks @loader_path/Frameworks";
				PRODUCT_BUNDLE_IDENTIFIER = Univ.mimamoriBoxUITests;
				PRODUCT_NAME = "$(TARGET_NAME)";
				TEST_TARGET_NAME = mimamoriBox;
			};
			name = Release;
		};
/* End XCBuildConfiguration section */

/* Begin XCConfigurationList section */
		238807331DE207D400D3045A /* Build configuration list for PBXProject "mimamoriBox" */ = {
			isa = XCConfigurationList;
			buildConfigurations = (
				238807611DE207D400D3045A /* Debug */,
				238807621DE207D400D3045A /* Release */,
			);
			defaultConfigurationIsVisible = 0;
			defaultConfigurationName = Release;
		};
		238807631DE207D400D3045A /* Build configuration list for PBXNativeTarget "mimamoriBox" */ = {
			isa = XCConfigurationList;
			buildConfigurations = (
				238807641DE207D400D3045A /* Debug */,
				238807651DE207D400D3045A /* Release */,
			);
			defaultConfigurationIsVisible = 0;
			defaultConfigurationName = Release;
		};
		238807661DE207D400D3045A /* Build configuration list for PBXNativeTarget "mimamoriBoxTests" */ = {
			isa = XCConfigurationList;
			buildConfigurations = (
				238807671DE207D400D3045A /* Debug */,
				238807681DE207D400D3045A /* Release */,
			);
			defaultConfigurationIsVisible = 0;
			defaultConfigurationName = Release;
		};
		238807691DE207D400D3045A /* Build configuration list for PBXNativeTarget "mimamoriBoxUITests" */ = {
			isa = XCConfigurationList;
			buildConfigurations = (
				2388076A1DE207D400D3045A /* Debug */,
				2388076B1DE207D400D3045A /* Release */,
			);
			defaultConfigurationIsVisible = 0;
			defaultConfigurationName = Release;
		};
/* End XCConfigurationList section */

/* Begin XCVersionGroup section */
		238807421DE207D400D3045A /* mimamoriBox.xcdatamodeld */ = {
			isa = XCVersionGroup;
			children = (
				238807431DE207D400D3045A /* mimamoriBox.xcdatamodel */,
			);
			currentVersion = 238807431DE207D400D3045A /* mimamoriBox.xcdatamodel */;
			path = mimamoriBox.xcdatamodeld;
			sourceTree = "<group>";
			versionGroupType = wrapper.xcdatamodel;
		};
/* End XCVersionGroup section */
	};
	rootObject = 238807301DE207D400D3045A /* Project object */;
}
